
Microsoft Visual Studio Solution File, Format Version 12.00
# Visual Studio Version 16
Project("{8BC9CEB8-8B4A-11D0-8D11-00A0C91BC942}") = "ALL_BUILD", "ALL_BUILD.vcxproj", "{C4D2E2E1-DAC7-3275-9EEA-53946D8C91E4}"
	ProjectSection(ProjectDependencies) = postProject
		{14A36897-F4A8-3749-9D9F-7414A66FFE10} = {14A36897-F4A8-3749-9D9F-7414A66FFE10}
		{02FF46E8-7A52-32EB-846C-B62DD7800E3C} = {02FF46E8-7A52-32EB-846C-B62DD7800E3C}
		{E4982B1C-95B5-3163-9FC0-A7D7F83E02D4} = {E4982B1C-95B5-3163-9FC0-A7D7F83E02D4}
		{A3FEE13E-453D-3934-9BCF-D00563EDB3C8} = {A3FEE13E-453D-3934-9BCF-D00563EDB3C8}
		{B66A3D0D-1B0A-3D83-BA0D-B0B0BBBF7147} = {B66A3D0D-1B0A-3D83-BA0D-B0B0BBBF7147}
		{7ED3F9F9-1E00-3EC6-8D68-565EF15663A1} = {7ED3F9F9-1E00-3EC6-8D68-565EF15663A1}
		{0400E57C-C5BD-3F56-AD96-B8BB11A55996} = {0400E57C-C5BD-3F56-AD96-B8BB11A55996}
	EndProjectSection
EndProject
Project("{8BC9CEB8-8B4A-11D0-8D11-00A0C91BC942}") = "RUN_TESTS", "RUN_TESTS.vcxproj", "{58D57F1B-35AB-31A3-99DF-3739E8FFDFB1}"
	ProjectSection(ProjectDependencies) = postProject
		{14A36897-F4A8-3749-9D9F-7414A66FFE10} = {14A36897-F4A8-3749-9D9F-7414A66FFE10}
	EndProjectSection
EndProject
Project("{8BC9CEB8-8B4A-11D0-8D11-00A0C91BC942}") = "ZERO_CHECK", "ZERO_CHECK.vcxproj", "{14A36897-F4A8-3749-9D9F-7414A66FFE10}"
	ProjectSection(ProjectDependencies) = postProject
	EndProjectSection
EndProject
Project("{8BC9CEB8-8B4A-11D0-8D11-00A0C91BC942}") = "auto-mixer-diagnostics", "auto-mixer-diagnostics.vcxproj", "{02FF46E8-7A52-32EB-846C-B62DD7800E3C}"
	ProjectSection(ProjectDependencies) = postProject
		{14A36897-F4A8-3749-9D9F-7414A66FFE10} = {14A36897-F4A8-3749-9D9F-7414A66FFE10}
		{7ED3F9F9-1E00-3EC6-8D68-565EF15663A1} = {7ED3F9F9-1E00-3EC6-8D68-565EF15663A1}
		{0400E57C-C5BD-3F56-AD96-B8BB11A55996} = {0400E57C-C5BD-3F56-AD96-B8BB11A55996}
	EndProjectSection
EndProject
Project("{8BC9CEB8-8B4A-11D0-8D11-00A0C91BC942}") = "auto-mixer-process-meter", "auto-mixer-process-meter.vcxproj", "{E4982B1C-95B5-3163-9FC0-A7D7F83E02D4}"
	ProjectSection(ProjectDependencies) = postProject
		{14A36897-F4A8-3749-9D9F-7414A66FFE10} = {14A36897-F4A8-3749-9D9F-7414A66FFE10}
		{7ED3F9F9-1E00-3EC6-8D68-565EF15663A1} = {7ED3F9F9-1E00-3EC6-8D68-565EF15663A1}
		{0400E57C-C5BD-3F56-AD96-B8BB11A55996} = {0400E57C-C5BD-3F56-AD96-B8BB11A55996}
	EndProjectSection
EndProject
Project("{8BC9CEB8-8B4A-11D0-8D11-00A0C91BC942}") = "auto-mixer-ui", "auto-mixer-ui.vcxproj", "{A3FEE13E-453D-3934-9BCF-D00563EDB3C8}"
	ProjectSection(ProjectDependencies) = postProject
		{14A36897-F4A8-3749-9D9F-7414A66FFE10} = {14A36897-F4A8-3749-9D9F-7414A66FFE10}
		{7ED3F9F9-1E00-3EC6-8D68-565EF15663A1} = {7ED3F9F9-1E00-3EC6-8D68-565EF15663A1}
		{0400E57C-C5BD-3F56-AD96-B8BB11A55996} = {0400E57C-C5BD-3F56-AD96-B8BB11A55996}
	EndProjectSection
EndProject
Project("{8BC9CEB8-8B4A-11D0-8D11-00A0C91BC942}") = "auto-mixer-unit-tests", "auto-mixer-unit-tests.vcxproj", "{B66A3D0D-1B0A-3D83-BA0D-B0B0BBBF7147}"
	ProjectSection(ProjectDependencies) = postProject
		{14A36897-F4A8-3749-9D9F-7414A66FFE10} = {14A36897-F4A8-3749-9D9F-7414A66FFE10}
		{7ED3F9F9-1E00-3EC6-8D68-565EF15663A1} = {7ED3F9F9-1E00-3EC6-8D68-565EF15663A1}
		{0400E57C-C5BD-3F56-AD96-B8BB11A55996} = {0400E57C-C5BD-3F56-AD96-B8BB11A55996}
	EndProjectSection
EndProject
Project("{8BC9CEB8-8B4A-11D0-8D11-00A0C91BC942}") = "auto_mixer_core", "auto_mixer_core.vcxproj", "{7ED3F9F9-1E00-3EC6-8D68-565EF15663A1}"
	ProjectSection(ProjectDependencies) = postProject
		{14A36897-F4A8-3749-9D9F-7414A66FFE10} = {14A36897-F4A8-3749-9D9F-7414A66FFE10}
		{0400E57C-C5BD-3F56-AD96-B8BB11A55996} = {0400E57C-C5BD-3F56-AD96-B8BB11A55996}
	EndProjectSection
EndProject
Project("{8BC9CEB8-8B4A-11D0-8D11-00A0C91BC942}") = "auto_mixer_formatting", "auto_mixer_formatting.vcxproj", "{0400E57C-C5BD-3F56-AD96-B8BB11A55996}"
	ProjectSection(ProjectDependencies) = postProject
		{14A36897-F4A8-3749-9D9F-7414A66FFE10} = {14A36897-F4A8-3749-9D9F-7414A66FFE10}
	EndProjectSection
EndProject
Global
	GlobalSection(SolutionConfigurationPlatforms) = preSolution
		Debug|x64 = Debug|x64
		Release|x64 = Release|x64
		MinSizeRel|x64 = MinSizeRel|x64
		RelWithDebInfo|x64 = RelWithDebInfo|x64
	EndGlobalSection
	GlobalSection(ProjectConfigurationPlatforms) = postSolution
		{C4D2E2E1-DAC7-3275-9EEA-53946D8C91E4}.Debug|x64.ActiveCfg = Debug|x64
		{C4D2E2E1-DAC7-3275-9EEA-53946D8C91E4}.Release|x64.ActiveCfg = Release|x64
		{C4D2E2E1-DAC7-3275-9EEA-53946D8C91E4}.MinSizeRel|x64.ActiveCfg = MinSizeRel|x64
		{C4D2E2E1-DAC7-3275-9EEA-53946D8C91E4}.RelWithDebInfo|x64.ActiveCfg = RelWithDebInfo|x64
		{58D57F1B-35AB-31A3-99DF-3739E8FFDFB1}.Debug|x64.ActiveCfg = Debug|x64
		{58D57F1B-35AB-31A3-99DF-3739E8FFDFB1}.Release|x64.ActiveCfg = Release|x64
		{58D57F1B-35AB-31A3-99DF-3739E8FFDFB1}.MinSizeRel|x64.ActiveCfg = MinSizeRel|x64
		{58D57F1B-35AB-31A3-99DF-3739E8FFDFB1}.RelWithDebInfo|x64.ActiveCfg = RelWithDebInfo|x64
		{14A36897-F4A8-3749-9D9F-7414A66FFE10}.Debug|x64.ActiveCfg = Debug|x64
		{14A36897-F4A8-3749-9D9F-7414A66FFE10}.Debug|x64.Build.0 = Debug|x64
		{14A36897-F4A8-3749-9D9F-7414A66FFE10}.Release|x64.ActiveCfg = Release|x64
		{14A36897-F4A8-3749-9D9F-7414A66FFE10}.Release|x64.Build.0 = Release|x64
		{14A36897-F4A8-3749-9D9F-7414A66FFE10}.MinSizeRel|x64.ActiveCfg = MinSizeRel|x64
		{14A36897-F4A8-3749-9D9F-7414A66FFE10}.MinSizeRel|x64.Build.0 = MinSizeRel|x64
		{14A36897-F4A8-3749-9D9F-7414A66FFE10}.RelWithDebInfo|x64.ActiveCfg = RelWithDebInfo|x64
		{14A36897-F4A8-3749-9D9F-7414A66FFE10}.RelWithDebInfo|x64.Build.0 = RelWithDebInfo|x64
		{02FF46E8-7A52-32EB-846C-B62DD7800E3C}.Debug|x64.ActiveCfg = Debug|x64
		{02FF46E8-7A52-32EB-846C-B62DD7800E3C}.Debug|x64.Build.0 = Debug|x64
		{02FF46E8-7A52-32EB-846C-B62DD7800E3C}.Release|x64.ActiveCfg = Release|x64
		{02FF46E8-7A52-32EB-846C-B62DD7800E3C}.Release|x64.Build.0 = Release|x64
		{02FF46E8-7A52-32EB-846C-B62DD7800E3C}.MinSizeRel|x64.ActiveCfg = MinSizeRel|x64
		{02FF46E8-7A52-32EB-846C-B62DD7800E3C}.MinSizeRel|x64.Build.0 = MinSizeRel|x64
		{02FF46E8-7A52-32EB-846C-B62DD7800E3C}.RelWithDebInfo|x64.ActiveCfg = RelWithDebInfo|x64
		{02FF46E8-7A52-32EB-846C-B62DD7800E3C}.RelWithDebInfo|x64.Build.0 = RelWithDebInfo|x64
		{E4982B1C-95B5-3163-9FC0-A7D7F83E02D4}.Debug|x64.ActiveCfg = Debug|x64
		{E4982B1C-95B5-3163-9FC0-A7D7F83E02D4}.Debug|x64.Build.0 = Debug|x64
		{E4982B1C-95B5-3163-9FC0-A7D7F83E02D4}.Release|x64.ActiveCfg = Release|x64
		{E4982B1C-95B5-3163-9FC0-A7D7F83E02D4}.Release|x64.Build.0 = Release|x64
		{E4982B1C-95B5-3163-9FC0-A7D7F83E02D4}.MinSizeRel|x64.ActiveCfg = MinSizeRel|x64
		{E4982B1C-95B5-3163-9FC0-A7D7F83E02D4}.MinSizeRel|x64.Build.0 = MinSizeRel|x64
		{E4982B1C-95B5-3163-9FC0-A7D7F83E02D4}.RelWithDebInfo|x64.ActiveCfg = RelWithDebInfo|x64
		{E4982B1C-95B5-3163-9FC0-A7D7F83E02D4}.RelWithDebInfo|x64.Build.0 = RelWithDebInfo|x64
		{A3FEE13E-453D-3934-9BCF-D00563EDB3C8}.Debug|x64.ActiveCfg = Debug|x64
		{A3FEE13E-453D-3934-9BCF-D00563EDB3C8}.Debug|x64.Build.0 = Debug|x64
		{A3FEE13E-453D-3934-9BCF-D00563EDB3C8}.Release|x64.ActiveCfg = Release|x64
		{A3FEE13E-453D-3934-9BCF-D00563EDB3C8}.Release|x64.Build.0 = Release|x64
		{A3FEE13E-453D-3934-9BCF-D00563EDB3C8}.MinSizeRel|x64.ActiveCfg = MinSizeRel|x64
		{A3FEE13E-453D-3934-9BCF-D00563EDB3C8}.MinSizeRel|x64.Build.0 = MinSizeRel|x64
		{A3FEE13E-453D-3934-9BCF-D00563EDB3C8}.RelWithDebInfo|x64.ActiveCfg = RelWithDebInfo|x64
		{A3FEE13E-453D-3934-9BCF-D00563EDB3C8}.RelWithDebInfo|x64.Build.0 = RelWithDebInfo|x64
		{B66A3D0D-1B0A-3D83-BA0D-B0B0BBBF7147}.Debug|x64.ActiveCfg = Debug|x64
		{B66A3D0D-1B0A-3D83-BA0D-B0B0BBBF7147}.Debug|x64.Build.0 = Debug|x64
		{B66A3D0D-1B0A-3D83-BA0D-B0B0BBBF7147}.Release|x64.ActiveCfg = Release|x64
		{B66A3D0D-1B0A-3D83-BA0D-B0B0BBBF7147}.Release|x64.Build.0 = Release|x64
		{B66A3D0D-1B0A-3D83-BA0D-B0B0BBBF7147}.MinSizeRel|x64.ActiveCfg = MinSizeRel|x64
		{B66A3D0D-1B0A-3D83-BA0D-B0B0BBBF7147}.MinSizeRel|x64.Build.0 = MinSizeRel|x64
		{B66A3D0D-1B0A-3D83-BA0D-B0B0BBBF7147}.RelWithDebInfo|x64.ActiveCfg = RelWithDebInfo|x64
		{B66A3D0D-1B0A-3D83-BA0D-B0B0BBBF7147}.RelWithDebInfo|x64.Build.0 = RelWithDebInfo|x64
		{7ED3F9F9-1E00-3EC6-8D68-565EF15663A1}.Debug|x64.ActiveCfg = Debug|x64
		{7ED3F9F9-1E00-3EC6-8D68-565EF15663A1}.Debug|x64.Build.0 = Debug|x64
		{7ED3F9F9-1E00-3EC6-8D68-565EF15663A1}.Release|x64.ActiveCfg = Release|x64
		{7ED3F9F9-1E00-3EC6-8D68-565EF15663A1}.Release|x64.Build.0 = Release|x64
		{7ED3F9F9-1E00-3EC6-8D68-565EF15663A1}.MinSizeRel|x64.ActiveCfg = MinSizeRel|x64
		{7ED3F9F9-1E00-3EC6-8D68-565EF15663A1}.MinSizeRel|x64.Build.0 = MinSizeRel|x64
		{7ED3F9F9-1E00-3EC6-8D68-565EF15663A1}.RelWithDebInfo|x64.ActiveCfg = RelWithDebInfo|x64
		{7ED3F9F9-1E00-3EC6-8D68-565EF15663A1}.RelWithDebInfo|x64.Build.0 = RelWithDebInfo|x64
		{0400E57C-C5BD-3F56-AD96-B8BB11A55996}.Debug|x64.ActiveCfg = Debug|x64
		{0400E57C-C5BD-3F56-AD96-B8BB11A55996}.Debug|x64.Build.0 = Debug|x64
		{0400E57C-C5BD-3F56-AD96-B8BB11A55996}.Release|x64.ActiveCfg = Release|x64
		{0400E57C-C5BD-3F56-AD96-B8BB11A55996}.Release|x64.Build.0 = Release|x64
		{0400E57C-C5BD-3F56-AD96-B8BB11A55996}.MinSizeRel|x64.ActiveCfg = MinSizeRel|x64
		{0400E57C-C5BD-3F56-AD96-B8BB11A55996}.MinSizeRel|x64.Build.0 = MinSizeRel|x64
		{0400E57C-C5BD-3F56-AD96-B8BB11A55996}.RelWithDebInfo|x64.ActiveCfg = RelWithDebInfo|x64
		{0400E57C-C5BD-3F56-AD96-B8BB11A55996}.RelWithDebInfo|x64.Build.0 = RelWithDebInfo|x64
	EndGlobalSection
	GlobalSection(ExtensibilityGlobals) = postSolution
		SolutionGuid = {9EF083C4-349C-365D-8054-ECC416BD1C05}
	EndGlobalSection
	GlobalSection(ExtensibilityAddIns) = postSolution
	EndGlobalSection
EndGlobal
